
Microsoft Visual Studio Solution File, Format Version 12.00
# Visual Studio 15
VisualStudioVersion = 15.0.26228.4
MinimumVisualStudioVersion = 10.0.40219.1
Project("{2150E333-8FDC-42A3-9474-1A3956D46DE8}") = "Solution Items", "Solution Items", "{E2FA4DD7-5B7A-4F8A-A49C-88477726CCC5}"
	ProjectSection(SolutionItems) = preProject
		.gitignore = .gitignore
		appveyor.yml = appveyor.yml
		build.cake = build.cake
		LICENSE = LICENSE
		nuget-build.bat = nuget-build.bat
		nuget-restore.bat = nuget-restore.bat
		README.md = README.md
	EndProjectSection
EndProject
Project("{9A19103F-16F7-4668-BE54-9A1E7A4F7556}") = "Hippocampus.SQL", "Hippocampus.SQL\Hippocampus.SQL.csproj", "{509F8801-D42F-447D-9889-2CC5810208AB}"
EndProject
Project("{FAE04EC0-301F-11D3-BF4B-00C04F79EFBC}") = "Hippocampus.SQL.Tests", "Hippocampus.SQL.Tests\Hippocampus.SQL.Tests.csproj", "{1EB54CEB-CA9C-457C-9B00-B6761C12D639}"
EndProject
Global
	GlobalSection(SolutionConfigurationPlatforms) = preSolution
		Debug|Any CPU = Debug|Any CPU
		Release|Any CPU = Release|Any CPU
	EndGlobalSection
	GlobalSection(ProjectConfigurationPlatforms) = postSolution
		{509F8801-D42F-447D-9889-2CC5810208AB}.Debug|Any CPU.ActiveCfg = Debug|Any CPU
		{509F8801-D42F-447D-9889-2CC5810208AB}.Debug|Any CPU.Build.0 = Debug|Any CPU
		{509F8801-D42F-447D-9889-2CC5810208AB}.Release|Any CPU.ActiveCfg = Release|Any CPU
		{509F8801-D42F-447D-9889-2CC5810208AB}.Release|Any CPU.Build.0 = Release|Any CPU
		{1EB54CEB-CA9C-457C-9B00-B6761C12D639}.Debug|Any CPU.ActiveCfg = Debug|Any CPU
		{1EB54CEB-CA9C-457C-9B00-B6761C12D639}.Debug|Any CPU.Build.0 = Debug|Any CPU
		{1EB54CEB-CA9C-457C-9B00-B6761C12D639}.Release|Any CPU.ActiveCfg = Release|Any CPU
		{1EB54CEB-CA9C-457C-9B00-B6761C12D639}.Release|Any CPU.Build.0 = Release|Any CPU
	EndGlobalSection
	GlobalSection(SolutionProperties) = preSolution
		HideSolutionNode = FALSE
	EndGlobalSection
EndGlobal
