
Microsoft Visual Studio Solution File, Format Version 12.00
# Visual Studio 15
VisualStudioVersion = 15.0.26114.2
MinimumVisualStudioVersion = 10.0.40219.1
Project("{FAE04EC0-301F-11D3-BF4B-00C04F79EFBC}") = "hippocampus-sql", "hippocampus-sql.csproj", "{022B20A5-A2BA-4523-A93A-4500A9E94AEF}"
EndProject
Global
	GlobalSection(SolutionConfigurationPlatforms) = preSolution
		Debug|Any CPU = Debug|Any CPU
		Release|Any CPU = Release|Any CPU
	EndGlobalSection
	GlobalSection(ProjectConfigurationPlatforms) = postSolution
		{022B20A5-A2BA-4523-A93A-4500A9E94AEF}.Debug|Any CPU.ActiveCfg = Debug|Any CPU
		{022B20A5-A2BA-4523-A93A-4500A9E94AEF}.Debug|Any CPU.Build.0 = Debug|Any CPU
		{022B20A5-A2BA-4523-A93A-4500A9E94AEF}.Release|Any CPU.ActiveCfg = Release|Any CPU
		{022B20A5-A2BA-4523-A93A-4500A9E94AEF}.Release|Any CPU.Build.0 = Release|Any CPU
	EndGlobalSection
	GlobalSection(SolutionProperties) = preSolution
		HideSolutionNode = FALSE
	EndGlobalSection
EndGlobal
